
Microsoft Visual Studio Solution File, Format Version 12.00
# Visual Studio Version 16
VisualStudioVersion = 16.0.29519.181
MinimumVisualStudioVersion = 10.0.40219.1
Project("{888888A0-9F3D-457C-B088-3A5042F75D52}") = "ZombieShooter3000", "ZombieShooter3000.pyproj", "{729A21B0-3127-479A-88B3-3474D1626991}"
EndProject
Global
	GlobalSection(SolutionConfigurationPlatforms) = preSolution
		Debug|Any CPU = Debug|Any CPU
		Release|Any CPU = Release|Any CPU
	EndGlobalSection
	GlobalSection(ProjectConfigurationPlatforms) = postSolution
		{729A21B0-3127-479A-88B3-3474D1626991}.Debug|Any CPU.ActiveCfg = Debug|Any CPU
		{729A21B0-3127-479A-88B3-3474D1626991}.Release|Any CPU.ActiveCfg = Release|Any CPU
	EndGlobalSection
	GlobalSection(SolutionProperties) = preSolution
		HideSolutionNode = FALSE
	EndGlobalSection
	GlobalSection(ExtensibilityGlobals) = postSolution
		SolutionGuid = {26A4307B-1587-42B8-82BB-5D6D305E8C2F}
	EndGlobalSection
EndGlobal
